Microsoft Visual Studio Solution File, Format Version 12.00
# Visual Studio 15
VisualStudioVersion = 15.0.27130.2026
MinimumVisualStudioVersion = 10.0.40219.1
Project("{F2A71F9B-5D33-465A-A702-920D77279786}") = "Basics", "src\Basics\Basics.fsproj", "{E7CBCC59-8C6C-4828-8840-47EABF7C95FB}"
EndProject
Project("{F2A71F9B-5D33-465A-A702-920D77279786}") = "Raytracer", "src\RayTracerFramework\Raytracer.fsproj", "{92AE911B-8E25-405A-A804-046E4D018F0D}"
EndProject
Project("{F2A71F9B-5D33-465A-A702-920D77279786}") = "Sampling", "src\Sampling\Sampling.fsproj", "{42998C38-7E25-4225-A77E-CB5CA1DC0414}"
EndProject
Project("{F2A71F9B-5D33-465A-A702-920D77279786}") = "TracerTest", "src\TracerTest\TracerTest.fsproj", "{7736D6C9-4DB1-4962-9AAD-89CFA07722DF}"
EndProject
Project("{F2A71F9B-5D33-465A-A702-920D77279786}") = "ImplicitSurfaces", "src\ImplicitSurfaces\ImplicitSurfaces.fsproj", "{940A3706-DAE3-4F52-87B8-D71F44641B0D}"
EndProject
Project("{F2A71F9B-5D33-465A-A702-920D77279786}") = "TDD", "TDD\TDD.fsproj", "{E7720E48-DFC5-41B5-914A-C6E4510E5F37}"
EndProject
Project("{F2A71F9B-5D33-465A-A702-920D77279786}") = "TriangleMeshes", "src\TriangleMeshes\TriangleMeshes.fsproj", "{35E5FD13-1C17-4DF7-A26A-3D1EB06B6310}"
EndProject
Global
	GlobalSection(SolutionConfigurationPlatforms) = preSolution
		Debug|Any CPU = Debug|Any CPU
		Release|Any CPU = Release|Any CPU
	EndGlobalSection
	GlobalSection(ProjectConfigurationPlatforms) = postSolution
		{E7CBCC59-8C6C-4828-8840-47EABF7C95FB}.Debug|Any CPU.ActiveCfg = Debug|Any CPU
		{E7CBCC59-8C6C-4828-8840-47EABF7C95FB}.Debug|Any CPU.Build.0 = Debug|Any CPU
		{E7CBCC59-8C6C-4828-8840-47EABF7C95FB}.Release|Any CPU.ActiveCfg = Release|Any CPU
		{E7CBCC59-8C6C-4828-8840-47EABF7C95FB}.Release|Any CPU.Build.0 = Release|Any CPU
		{92AE911B-8E25-405A-A804-046E4D018F0D}.Debug|Any CPU.ActiveCfg = Debug|Any CPU
		{92AE911B-8E25-405A-A804-046E4D018F0D}.Debug|Any CPU.Build.0 = Debug|Any CPU
		{92AE911B-8E25-405A-A804-046E4D018F0D}.Release|Any CPU.ActiveCfg = Release|Any CPU
		{92AE911B-8E25-405A-A804-046E4D018F0D}.Release|Any CPU.Build.0 = Release|Any CPU
		{42998C38-7E25-4225-A77E-CB5CA1DC0414}.Debug|Any CPU.ActiveCfg = Debug|Any CPU
		{42998C38-7E25-4225-A77E-CB5CA1DC0414}.Debug|Any CPU.Build.0 = Debug|Any CPU
		{42998C38-7E25-4225-A77E-CB5CA1DC0414}.Release|Any CPU.ActiveCfg = Release|Any CPU
		{42998C38-7E25-4225-A77E-CB5CA1DC0414}.Release|Any CPU.Build.0 = Release|Any CPU
		{7736D6C9-4DB1-4962-9AAD-89CFA07722DF}.Debug|Any CPU.ActiveCfg = Debug|Any CPU
		{7736D6C9-4DB1-4962-9AAD-89CFA07722DF}.Debug|Any CPU.Build.0 = Debug|Any CPU
		{7736D6C9-4DB1-4962-9AAD-89CFA07722DF}.Release|Any CPU.ActiveCfg = Release|Any CPU
		{7736D6C9-4DB1-4962-9AAD-89CFA07722DF}.Release|Any CPU.Build.0 = Release|Any CPU
		{940A3706-DAE3-4F52-87B8-D71F44641B0D}.Debug|Any CPU.ActiveCfg = Debug|Any CPU
		{940A3706-DAE3-4F52-87B8-D71F44641B0D}.Debug|Any CPU.Build.0 = Debug|Any CPU
		{940A3706-DAE3-4F52-87B8-D71F44641B0D}.Release|Any CPU.ActiveCfg = Release|Any CPU
		{940A3706-DAE3-4F52-87B8-D71F44641B0D}.Release|Any CPU.Build.0 = Release|Any CPU
		{E7720E48-DFC5-41B5-914A-C6E4510E5F37}.Debug|Any CPU.ActiveCfg = Debug|Any CPU
		{E7720E48-DFC5-41B5-914A-C6E4510E5F37}.Release|Any CPU.ActiveCfg = Release|Any CPU
		{E7720E48-DFC5-41B5-914A-C6E4510E5F37}.Release|Any CPU.Build.0 = Release|Any CPU
		{35E5FD13-1C17-4DF7-A26A-3D1EB06B6310}.Debug|Any CPU.ActiveCfg = Debug|Any CPU
		{35E5FD13-1C17-4DF7-A26A-3D1EB06B6310}.Debug|Any CPU.Build.0 = Debug|Any CPU
		{35E5FD13-1C17-4DF7-A26A-3D1EB06B6310}.Release|Any CPU.ActiveCfg = Release|Any CPU
		{35E5FD13-1C17-4DF7-A26A-3D1EB06B6310}.Release|Any CPU.Build.0 = Release|Any CPU
	EndGlobalSection
	GlobalSection(SolutionProperties) = preSolution
		HideSolutionNode = FALSE
	EndGlobalSection
	GlobalSection(ExtensibilityGlobals) = postSolution
		SolutionGuid = {ADAD7441-AE01-41F1-8A38-D422343C5DD2}
	EndGlobalSection
	GlobalSection(Performance) = preSolution
		HasPerformanceSessions = true
	EndGlobalSection
	GlobalSection(Performance) = preSolution
		HasPerformanceSessions = true
	EndGlobalSection
EndGlobal
